
Microsoft Visual Studio Solution File, Format Version 12.00
# Visual Studio Version 17
VisualStudioVersion = 17.13.35818.85 d17.13
MinimumVisualStudioVersion = 10.0.40219.1
Project("{FAE04EC0-301F-11D3-BF4B-00C04F79EFBC}") = "ApiDataFetcher", "ApiDataFetcher.csproj", "{6F57EE08-0187-4540-ABA8-E34F5EFDEBDE}"
EndProject
Global
	GlobalSection(SolutionConfigurationPlatforms) = preSolution
		Debug|Any CPU = Debug|Any CPU
		Release|Any CPU = Release|Any CPU
	EndGlobalSection
	GlobalSection(ProjectConfigurationPlatforms) = postSolution
		{6F57EE08-0187-4540-ABA8-E34F5EFDEBDE}.Debug|Any CPU.ActiveCfg = Debug|Any CPU
		{6F57EE08-0187-4540-ABA8-E34F5EFDEBDE}.Debug|Any CPU.Build.0 = Debug|Any CPU
		{6F57EE08-0187-4540-ABA8-E34F5EFDEBDE}.Release|Any CPU.ActiveCfg = Release|Any CPU
		{6F57EE08-0187-4540-ABA8-E34F5EFDEBDE}.Release|Any CPU.Build.0 = Release|Any CPU
	EndGlobalSection
	GlobalSection(SolutionProperties) = preSolution
		HideSolutionNode = FALSE
	EndGlobalSection
	GlobalSection(ExtensibilityGlobals) = postSolution
		SolutionGuid = {DE12DE57-B003-47B2-AF0F-DB19A38636F4}
	EndGlobalSection
EndGlobal
